
Microsoft Visual Studio Solution File, Format Version 12.00
# Visual Studio Version 17
VisualStudioVersion = 17.11.35431.28
MinimumVisualStudioVersion = 10.0.40219.1
Project("{54A90642-561A-4BB1-A94E-469ADEE60C69}") = "dnc-modal", "dnc-modal\dnc-modal.esproj", "{13913BEE-EE9D-4A40-9AB0-D7A4C9059002}"
EndProject
Global
	GlobalSection(SolutionConfigurationPlatforms) = preSolution
		Debug|Any CPU = Debug|Any CPU
		Release|Any CPU = Release|Any CPU
	EndGlobalSection
	GlobalSection(ProjectConfigurationPlatforms) = postSolution
		{13913BEE-EE9D-4A40-9AB0-D7A4C9059002}.Debug|Any CPU.ActiveCfg = Debug|Any CPU
		{13913BEE-EE9D-4A40-9AB0-D7A4C9059002}.Debug|Any CPU.Build.0 = Debug|Any CPU
		{13913BEE-EE9D-4A40-9AB0-D7A4C9059002}.Debug|Any CPU.Deploy.0 = Debug|Any CPU
		{13913BEE-EE9D-4A40-9AB0-D7A4C9059002}.Release|Any CPU.ActiveCfg = Release|Any CPU
		{13913BEE-EE9D-4A40-9AB0-D7A4C9059002}.Release|Any CPU.Build.0 = Release|Any CPU
		{13913BEE-EE9D-4A40-9AB0-D7A4C9059002}.Release|Any CPU.Deploy.0 = Release|Any CPU
	EndGlobalSection
	GlobalSection(SolutionProperties) = preSolution
		HideSolutionNode = FALSE
	EndGlobalSection
	GlobalSection(ExtensibilityGlobals) = postSolution
		SolutionGuid = {7BE1047E-51DB-49DF-B123-AC01DF9B0CD0}
	EndGlobalSection
EndGlobal
